
Microsoft Visual Studio Solution File, Format Version 12.00
# Visual Studio Version 16
VisualStudioVersion = 16.0.31424.327
MinimumVisualStudioVersion = 10.0.40219.1
Project("{FAE04EC0-301F-11D3-BF4B-00C04F79EFBC}") = "WellMet", "WellMet.csproj", "{44A604F0-8B2D-493C-B1EC-9BBE34C8EE54}"
EndProject
Global
	GlobalSection(SolutionConfigurationPlatforms) = preSolution
		Debug|Any CPU = Debug|Any CPU
		Release|Any CPU = Release|Any CPU
	EndGlobalSection
	GlobalSection(ProjectConfigurationPlatforms) = postSolution
		{44A604F0-8B2D-493C-B1EC-9BBE34C8EE54}.Debug|Any CPU.ActiveCfg = Debug|Any CPU
		{44A604F0-8B2D-493C-B1EC-9BBE34C8EE54}.Debug|Any CPU.Build.0 = Debug|Any CPU
		{44A604F0-8B2D-493C-B1EC-9BBE34C8EE54}.Release|Any CPU.ActiveCfg = Release|Any CPU
		{44A604F0-8B2D-493C-B1EC-9BBE34C8EE54}.Release|Any CPU.Build.0 = Release|Any CPU
	EndGlobalSection
	GlobalSection(SolutionProperties) = preSolution
		HideSolutionNode = FALSE
	EndGlobalSection
	GlobalSection(ExtensibilityGlobals) = postSolution
		SolutionGuid = {6317D7CE-B200-41DA-B86B-F39D1E23D4C5}
	EndGlobalSection
EndGlobal
