
Microsoft Visual Studio Solution File, Format Version 12.00
# Visual Studio Version 16
VisualStudioVersion = 16.0.31424.327
MinimumVisualStudioVersion = 10.0.40219.1
Project("{FAE04EC0-301F-11D3-BF4B-00C04F79EFBC}") = "WellMet", "WellMet\WellMet.csproj", "{F2D3E86E-0947-453E-A2BE-DDA4F9C4E6D7}"
EndProject
Global
	GlobalSection(SolutionConfigurationPlatforms) = preSolution
		Debug|Any CPU = Debug|Any CPU
		Release|Any CPU = Release|Any CPU
	EndGlobalSection
	GlobalSection(ProjectConfigurationPlatforms) = postSolution
		{F2D3E86E-0947-453E-A2BE-DDA4F9C4E6D7}.Debug|Any CPU.ActiveCfg = Debug|Any CPU
		{F2D3E86E-0947-453E-A2BE-DDA4F9C4E6D7}.Debug|Any CPU.Build.0 = Debug|Any CPU
		{F2D3E86E-0947-453E-A2BE-DDA4F9C4E6D7}.Release|Any CPU.ActiveCfg = Release|Any CPU
		{F2D3E86E-0947-453E-A2BE-DDA4F9C4E6D7}.Release|Any CPU.Build.0 = Release|Any CPU
	EndGlobalSection
	GlobalSection(SolutionProperties) = preSolution
		HideSolutionNode = FALSE
	EndGlobalSection
	GlobalSection(ExtensibilityGlobals) = postSolution
		SolutionGuid = {D2514013-4951-42CC-B76B-99A5C8117EEF}
	EndGlobalSection
EndGlobal
